
Microsoft Visual Studio Solution File, Format Version 12.00
# Visual Studio Version 16
VisualStudioVersion = 16.0.33529.622
MinimumVisualStudioVersion = 10.0.40219.1
Project("{F184B08F-C81C-45F6-A57F-5ABD9991F28F}") = "HRMS", "HRMS.vbproj", "{69537620-6ED6-4193-825F-1893DE5B4188}"
EndProject
Global
	GlobalSection(SolutionConfigurationPlatforms) = preSolution
		Debug|x64 = Debug|x64
		Debug|x86 = Debug|x86
		Release|x64 = Release|x64
		Release|x86 = Release|x86
	EndGlobalSection
	GlobalSection(ProjectConfigurationPlatforms) = postSolution
		{69537620-6ED6-4193-825F-1893DE5B4188}.Debug|x64.ActiveCfg = Debug|x64
		{69537620-6ED6-4193-825F-1893DE5B4188}.Debug|x64.Build.0 = Debug|x64
		{69537620-6ED6-4193-825F-1893DE5B4188}.Debug|x86.ActiveCfg = Debug|x86
		{69537620-6ED6-4193-825F-1893DE5B4188}.Debug|x86.Build.0 = Debug|x86
		{69537620-6ED6-4193-825F-1893DE5B4188}.Release|x64.ActiveCfg = Release|x64
		{69537620-6ED6-4193-825F-1893DE5B4188}.Release|x64.Build.0 = Release|x64
		{69537620-6ED6-4193-825F-1893DE5B4188}.Release|x86.ActiveCfg = Release|x86
		{69537620-6ED6-4193-825F-1893DE5B4188}.Release|x86.Build.0 = Release|x86
	EndGlobalSection
	GlobalSection(SolutionProperties) = preSolution
		HideSolutionNode = FALSE
	EndGlobalSection
	GlobalSection(ExtensibilityGlobals) = postSolution
		SolutionGuid = {A4F7DB33-1028-44CF-A5FB-AFA1E515E5BE}
	EndGlobalSection
EndGlobal
